PODS:
  - DCIntrospect-ARC (0.0.8)
  - DZNEmptyDataSet (1.8.1)
  - EarlGrey (1.16.0)
  - libextobjc (0.6):
    - libextobjc/EXTADT (= 0.6)
    - libextobjc/EXTConcreteProtocol (= 0.6)
    - libextobjc/EXTKeyPathCoding (= 0.6)
    - libextobjc/EXTNil (= 0.6)
    - libextobjc/EXTSafeCategory (= 0.6)
    - libextobjc/EXTScope (= 0.6)
    - libextobjc/EXTSelectorChecking (= 0.6)
    - libextobjc/EXTSynthesize (= 0.6)
    - "libextobjc/NSInvocation+EXT (= 0.6)"
    - "libextobjc/NSMethodSignature+EXT (= 0.6)"
    - libextobjc/RuntimeExtensions (= 0.6)
    - libextobjc/UmbrellaHeader (= 0.6)
  - libextobjc/EXTADT (0.6):
    - libextobjc/RuntimeExtensions
  - libextobjc/EXTConcreteProtocol (0.6):
    - libextobjc/RuntimeExtensions
  - libextobjc/EXTKeyPathCoding (0.6):
    - libextobjc/RuntimeExtensions
  - libextobjc/EXTNil (0.6):
    - libextobjc/RuntimeExtensions
  - libextobjc/EXTSafeCategory (0.6):
    - libextobjc/RuntimeExtensions
  - libextobjc/EXTScope (0.6):
    - libextobjc/RuntimeExtensions
  - libextobjc/EXTSelectorChecking (0.6):
    - libextobjc/RuntimeExtensions
  - libextobjc/EXTSynthesize (0.6):
    - libextobjc/RuntimeExtensions
  - "libextobjc/NSInvocation+EXT (0.6)":
    - libextobjc/RuntimeExtensions
  - "libextobjc/NSMethodSignature+EXT (0.6)":
    - libextobjc/RuntimeExtensions
  - libextobjc/RuntimeExtensions (0.6)
  - libextobjc/UmbrellaHeader (0.6)
  - mopub-ios-sdk (5.12.1):
    - mopub-ios-sdk/MoPubSDK (= 5.12.1)
  - mopub-ios-sdk/Avid (5.12.1):
    - mopub-ios-sdk/Core
  - mopub-ios-sdk/Core (5.12.1)
  - mopub-ios-sdk/Moat (5.12.1):
    - mopub-ios-sdk/Core
  - mopub-ios-sdk/MoPubSDK (5.12.1):
    - mopub-ios-sdk/Avid
    - mopub-ios-sdk/Core
    - mopub-ios-sdk/Moat
    - mopub-ios-sdk/NativeAds
  - mopub-ios-sdk/NativeAds (5.12.1):
    - mopub-ios-sdk/Core
  - OCMock (3.6)
  - Punycode-Cocoa (1.3.1)
  - SVProgressHUD (2.2.5)
  - TwitterCore (3.4.3):
    - libextobjc/EXTKeyPathCoding
    - libextobjc/EXTScope
    - libextobjc/RuntimeExtensions
    - libextobjc/UmbrellaHeader
    - OCMock
    - TwitterCore/Analytics (= 3.4.3)
    - TwitterCore/Identity (= 3.4.3)
    - TwitterCore/Networking (= 3.4.3)
    - TwitterCore/Resources (= 3.4.3)
    - TwitterCore/SupportingFiles (= 3.4.3)
    - TwitterCore/Utilities (= 3.4.3)
  - TwitterCore/Analytics (3.4.3):
    - libextobjc/EXTKeyPathCoding
    - libextobjc/EXTScope
    - libextobjc/RuntimeExtensions
    - libextobjc/UmbrellaHeader
    - OCMock
  - TwitterCore/Identity (3.4.3):
    - libextobjc/EXTKeyPathCoding
    - libextobjc/EXTScope
    - libextobjc/RuntimeExtensions
    - libextobjc/UmbrellaHeader
    - OCMock
    - TwitterCore/Identity/V2 (= 3.4.3)
  - TwitterCore/Identity/V2 (3.4.3):
    - libextobjc/EXTKeyPathCoding
    - libextobjc/EXTScope
    - libextobjc/RuntimeExtensions
    - libextobjc/UmbrellaHeader
    - OCMock
  - TwitterCore/Networking (3.4.3):
    - libextobjc/EXTKeyPathCoding
    - libextobjc/EXTScope
    - libextobjc/RuntimeExtensions
    - libextobjc/UmbrellaHeader
    - OCMock
    - TwitterCore/Networking/API (= 3.4.3)
    - TwitterCore/Networking/Pipeline (= 3.4.3)
    - TwitterCore/Networking/Security (= 3.4.3)
    - TwitterCore/Networking/ThirdParty (= 3.4.3)
  - TwitterCore/Networking/API (3.4.3):
    - libextobjc/EXTKeyPathCoding
    - libextobjc/EXTScope
    - libextobjc/RuntimeExtensions
    - libextobjc/UmbrellaHeader
    - OCMock
  - TwitterCore/Networking/Pipeline (3.4.3):
    - libextobjc/EXTKeyPathCoding
    - libextobjc/EXTScope
    - libextobjc/RuntimeExtensions
    - libextobjc/UmbrellaHeader
    - OCMock
  - TwitterCore/Networking/Security (3.4.3):
    - libextobjc/EXTKeyPathCoding
    - libextobjc/EXTScope
    - libextobjc/RuntimeExtensions
    - libextobjc/UmbrellaHeader
    - OCMock
  - TwitterCore/Networking/ThirdParty (3.4.3):
    - libextobjc/EXTKeyPathCoding
    - libextobjc/EXTScope
    - libextobjc/RuntimeExtensions
    - libextobjc/UmbrellaHeader
    - OCMock
  - TwitterCore/Resources (3.4.3):
    - libextobjc/EXTKeyPathCoding
    - libextobjc/EXTScope
    - libextobjc/RuntimeExtensions
    - libextobjc/UmbrellaHeader
    - OCMock
  - TwitterCore/SupportingFiles (3.4.3):
    - libextobjc/EXTKeyPathCoding
    - libextobjc/EXTScope
    - libextobjc/RuntimeExtensions
    - libextobjc/UmbrellaHeader
    - OCMock
  - TwitterCore/Utilities (3.4.3):
    - libextobjc/EXTKeyPathCoding
    - libextobjc/EXTScope
    - libextobjc/RuntimeExtensions
    - libextobjc/UmbrellaHeader
    - OCMock
  - TwitterKit (3.4.3):
    - libextobjc/EXTKeyPathCoding
    - libextobjc/EXTScope
    - libextobjc/RuntimeExtensions
    - libextobjc/UmbrellaHeader
    - mopub-ios-sdk
    - OCMock
    - Punycode-Cocoa
    - TwitterCore
    - TwitterKit/API (= 3.4.3)
    - TwitterKit/Composer (= 3.4.3)
    - TwitterKit/Controllers (= 3.4.3)
    - TwitterKit/Debugging (= 3.4.3)
    - TwitterKit/External (= 3.4.3)
    - TwitterKit/Identity (= 3.4.3)
    - TwitterKit/Libraries (= 3.4.3)
    - TwitterKit/Models (= 3.4.3)
    - TwitterKit/MoPub (= 3.4.3)
    - TwitterKit/Networking (= 3.4.3)
    - TwitterKit/Notifications (= 3.4.3)
    - TwitterKit/Persistence (= 3.4.3)
    - TwitterKit/Resources (= 3.4.3)
    - TwitterKit/ThirdParty (= 3.4.3)
    - TwitterKit/Utilities (= 3.4.3)
    - TwitterKit/Views (= 3.4.3)
  - TwitterKit/API (3.4.3):
    - libextobjc/EXTKeyPathCoding
    - libextobjc/EXTScope
    - libextobjc/RuntimeExtensions
    - libextobjc/UmbrellaHeader
    - mopub-ios-sdk
    - OCMock
    - Punycode-Cocoa
    - TwitterCore
  - TwitterKit/Composer (3.4.3):
    - libextobjc/EXTKeyPathCoding
    - libextobjc/EXTScope
    - libextobjc/RuntimeExtensions
    - libextobjc/UmbrellaHeader
    - mopub-ios-sdk
    - OCMock
    - Punycode-Cocoa
    - TwitterCore
    - TwitterKit/Composer/TwitterShareExtensionUI (= 3.4.3)
  - TwitterKit/Composer/TwitterShareExtensionUI (3.4.3):
    - libextobjc/EXTKeyPathCoding
    - libextobjc/EXTScope
    - libextobjc/RuntimeExtensions
    - libextobjc/UmbrellaHeader
    - mopub-ios-sdk
    - OCMock
    - Punycode-Cocoa
    - TwitterCore
  - TwitterKit/Controllers (3.4.3):
    - libextobjc/EXTKeyPathCoding
    - libextobjc/EXTScope
    - libextobjc/RuntimeExtensions
    - libextobjc/UmbrellaHeader
    - mopub-ios-sdk
    - OCMock
    - Punycode-Cocoa
    - TwitterCore
    - TwitterKit/Controllers/Video (= 3.4.3)
  - TwitterKit/Controllers/Video (3.4.3):
    - libextobjc/EXTKeyPathCoding
    - libextobjc/EXTScope
    - libextobjc/RuntimeExtensions
    - libextobjc/UmbrellaHeader
    - mopub-ios-sdk
    - OCMock
    - Punycode-Cocoa
    - TwitterCore
  - TwitterKit/Debugging (3.4.3):
    - libextobjc/EXTKeyPathCoding
    - libextobjc/EXTScope
    - libextobjc/RuntimeExtensions
    - libextobjc/UmbrellaHeader
    - mopub-ios-sdk
    - OCMock
    - Punycode-Cocoa
    - TwitterCore
  - TwitterKit/External (3.4.3):
    - libextobjc/EXTKeyPathCoding
    - libextobjc/EXTScope
    - libextobjc/RuntimeExtensions
    - libextobjc/UmbrellaHeader
    - mopub-ios-sdk
    - OCMock
    - Punycode-Cocoa
    - TwitterCore
    - TwitterKit/External/PunycodeCocoa (= 3.4.3)
  - TwitterKit/External/PunycodeCocoa (3.4.3):
    - libextobjc/EXTKeyPathCoding
    - libextobjc/EXTScope
    - libextobjc/RuntimeExtensions
    - libextobjc/UmbrellaHeader
    - mopub-ios-sdk
    - OCMock
    - Punycode-Cocoa
    - TwitterCore
  - TwitterKit/Identity (3.4.3):
    - libextobjc/EXTKeyPathCoding
    - libextobjc/EXTScope
    - libextobjc/RuntimeExtensions
    - libextobjc/UmbrellaHeader
    - mopub-ios-sdk
    - OCMock
    - Punycode-Cocoa
    - TwitterCore
    - TwitterKit/Identity/APIClient (= 3.4.3)
  - TwitterKit/Identity/APIClient (3.4.3):
    - libextobjc/EXTKeyPathCoding
    - libextobjc/EXTScope
    - libextobjc/RuntimeExtensions
    - libextobjc/UmbrellaHeader
    - mopub-ios-sdk
    - OCMock
    - Punycode-Cocoa
    - TwitterCore
  - TwitterKit/Libraries (3.4.3):
    - libextobjc/EXTKeyPathCoding
    - libextobjc/EXTScope
    - libextobjc/RuntimeExtensions
    - libextobjc/UmbrellaHeader
    - mopub-ios-sdk
    - OCMock
    - Punycode-Cocoa
    - TwitterCore
    - TwitterKit/Libraries/TwitterUI (= 3.4.3)
    - TwitterKit/Libraries/TWTRImageLoader (= 3.4.3)
  - TwitterKit/Libraries/TwitterUI (3.4.3):
    - libextobjc/EXTKeyPathCoding
    - libextobjc/EXTScope
    - libextobjc/RuntimeExtensions
    - libextobjc/UmbrellaHeader
    - mopub-ios-sdk
    - OCMock
    - Punycode-Cocoa
    - TwitterCore
  - TwitterKit/Libraries/TWTRImageLoader (3.4.3):
    - libextobjc/EXTKeyPathCoding
    - libextobjc/EXTScope
    - libextobjc/RuntimeExtensions
    - libextobjc/UmbrellaHeader
    - mopub-ios-sdk
    - OCMock
    - Punycode-Cocoa
    - TwitterCore
  - TwitterKit/Models (3.4.3):
    - libextobjc/EXTKeyPathCoding
    - libextobjc/EXTScope
    - libextobjc/RuntimeExtensions
    - libextobjc/UmbrellaHeader
    - mopub-ios-sdk
    - OCMock
    - Punycode-Cocoa
    - TwitterCore
    - TwitterKit/Models/CardEntities (= 3.4.3)
    - TwitterKit/Models/Cards (= 3.4.3)
    - TwitterKit/Models/JSONValidating (= 3.4.3)
  - TwitterKit/Models/CardEntities (3.4.3):
    - libextobjc/EXTKeyPathCoding
    - libextobjc/EXTScope
    - libextobjc/RuntimeExtensions
    - libextobjc/UmbrellaHeader
    - mopub-ios-sdk
    - OCMock
    - Punycode-Cocoa
    - TwitterCore
  - TwitterKit/Models/Cards (3.4.3):
    - libextobjc/EXTKeyPathCoding
    - libextobjc/EXTScope
    - libextobjc/RuntimeExtensions
    - libextobjc/UmbrellaHeader
    - mopub-ios-sdk
    - OCMock
    - Punycode-Cocoa
    - TwitterCore
  - TwitterKit/Models/JSONValidating (3.4.3):
    - libextobjc/EXTKeyPathCoding
    - libextobjc/EXTScope
    - libextobjc/RuntimeExtensions
    - libextobjc/UmbrellaHeader
    - mopub-ios-sdk
    - OCMock
    - Punycode-Cocoa
    - TwitterCore
  - TwitterKit/MoPub (3.4.3):
    - libextobjc/EXTKeyPathCoding
    - libextobjc/EXTScope
    - libextobjc/RuntimeExtensions
    - libextobjc/UmbrellaHeader
    - mopub-ios-sdk
    - OCMock
    - Punycode-Cocoa
    - TwitterCore
  - TwitterKit/Networking (3.4.3):
    - libextobjc/EXTKeyPathCoding
    - libextobjc/EXTScope
    - libextobjc/RuntimeExtensions
    - libextobjc/UmbrellaHeader
    - mopub-ios-sdk
    - OCMock
    - Punycode-Cocoa
    - TwitterCore
  - TwitterKit/Notifications (3.4.3):
    - libextobjc/EXTKeyPathCoding
    - libextobjc/EXTScope
    - libextobjc/RuntimeExtensions
    - libextobjc/UmbrellaHeader
    - mopub-ios-sdk
    - OCMock
    - Punycode-Cocoa
    - TwitterCore
  - TwitterKit/Persistence (3.4.3):
    - libextobjc/EXTKeyPathCoding
    - libextobjc/EXTScope
    - libextobjc/RuntimeExtensions
    - libextobjc/UmbrellaHeader
    - mopub-ios-sdk
    - OCMock
    - Punycode-Cocoa
    - TwitterCore
  - TwitterKit/Resources (3.4.3):
    - libextobjc/EXTKeyPathCoding
    - libextobjc/EXTScope
    - libextobjc/RuntimeExtensions
    - libextobjc/UmbrellaHeader
    - mopub-ios-sdk
    - OCMock
    - Punycode-Cocoa
    - TwitterCore
  - TwitterKit/ThirdParty (3.4.3):
    - libextobjc/EXTKeyPathCoding
    - libextobjc/EXTScope
    - libextobjc/RuntimeExtensions
    - libextobjc/UmbrellaHeader
    - mopub-ios-sdk
    - OCMock
    - Punycode-Cocoa
    - TwitterCore
  - TwitterKit/Utilities (3.4.3):
    - libextobjc/EXTKeyPathCoding
    - libextobjc/EXTScope
    - libextobjc/RuntimeExtensions
    - libextobjc/UmbrellaHeader
    - mopub-ios-sdk
    - OCMock
    - Punycode-Cocoa
    - TwitterCore
  - TwitterKit/Views (3.4.3):
    - libextobjc/EXTKeyPathCoding
    - libextobjc/EXTScope
    - libextobjc/RuntimeExtensions
    - libextobjc/UmbrellaHeader
    - mopub-ios-sdk
    - OCMock
    - Punycode-Cocoa
    - TwitterCore
    - TwitterKit/Views/TweetViewLayouts (= 3.4.3)
  - TwitterKit/Views/TweetViewLayouts (3.4.3):
    - libextobjc/EXTKeyPathCoding
    - libextobjc/EXTScope
    - libextobjc/RuntimeExtensions
    - libextobjc/UmbrellaHeader
    - mopub-ios-sdk
    - OCMock
    - Punycode-Cocoa
    - TwitterCore

DEPENDENCIES:
  - DCIntrospect-ARC
  - DZNEmptyDataSet
  - EarlGrey
  - libextobjc
  - mopub-ios-sdk
  - SVProgressHUD
  - TwitterCore (from `../`)
  - TwitterKit (from `../`)

SPEC REPOS:
  trunk:
    - DCIntrospect-ARC
    - DZNEmptyDataSet
    - EarlGrey
    - libextobjc
    - mopub-ios-sdk
    - OCMock
    - Punycode-Cocoa
    - SVProgressHUD

EXTERNAL SOURCES:
  TwitterCore:
    :path: "../"
  TwitterKit:
    :path: "../"

SPEC CHECKSUMS:
  DCIntrospect-ARC: 68a97cc2e99420b21bfcd66865b5376701f8e7f5
  DZNEmptyDataSet: 9525833b9e68ac21c30253e1d3d7076cc828eaa7
  EarlGrey: 455e5597ae5ccaca92cd46b81d8b25cacec060a1
  libextobjc: aed8b7d2b07f511c1a7ecaacb33ea03e327c69b7
  mopub-ios-sdk: d1640225b34ad74700e2acddb116cac634fc45d8
  OCMock: 5ea90566be239f179ba766fd9fbae5885040b992
  Punycode-Cocoa: d9a974cc7384bd6d31b8d9df867a9b7b213d8880
  SVProgressHUD: 1428aafac632c1f86f62aa4243ec12008d7a51d6
  TwitterCore: d1821f9de307c02645c25d88e2335b09af667a88
  TwitterKit: 4d295b0d6b4c100f3aff1dc11dac212358a63eda

PODFILE CHECKSUM: 215ecc6924b53aff6ed23a8376fc3e0258fe9f5e

COCOAPODS: 1.9.3
